
Microsoft Visual Studio Solution File, Format Version 12.00
# Visual Studio Version 17
VisualStudioVersion = 17.3.32811.315
MinimumVisualStudioVersion = 10.0.40219.1
Project("{FAE04EC0-301F-11D3-BF4B-00C04F79EFBC}") = "LMCEvents", "LMCEvents\LMCEvents.csproj", "{6AD7E11B-08CA-4590-A05C-44E0AEC2607F}"
EndProject
Project("{FAE04EC0-301F-11D3-BF4B-00C04F79EFBC}") = "LMCEvents.Core", "LMCEvents.Core\LMCEvents.Core.csproj", "{9FF6C89A-DA18-40DD-BABD-4C92CD726E99}"
EndProject
Project("{FAE04EC0-301F-11D3-BF4B-00C04F79EFBC}") = "LMCEvents.Infra.Data", "LMCEvents.Infra.Data\LMCEvents.Infra.Data.csproj", "{D8721C25-0638-42A2-9767-8FB1CE1F04D8}"
EndProject
Global
	GlobalSection(SolutionConfigurationPlatforms) = preSolution
		Debug|Any CPU = Debug|Any CPU
		Release|Any CPU = Release|Any CPU
	EndGlobalSection
	GlobalSection(ProjectConfigurationPlatforms) = postSolution
		{6AD7E11B-08CA-4590-A05C-44E0AEC2607F}.Debug|Any CPU.ActiveCfg = Debug|Any CPU
		{6AD7E11B-08CA-4590-A05C-44E0AEC2607F}.Debug|Any CPU.Build.0 = Debug|Any CPU
		{6AD7E11B-08CA-4590-A05C-44E0AEC2607F}.Release|Any CPU.ActiveCfg = Release|Any CPU
		{6AD7E11B-08CA-4590-A05C-44E0AEC2607F}.Release|Any CPU.Build.0 = Release|Any CPU
		{9FF6C89A-DA18-40DD-BABD-4C92CD726E99}.Debug|Any CPU.ActiveCfg = Debug|Any CPU
		{9FF6C89A-DA18-40DD-BABD-4C92CD726E99}.Debug|Any CPU.Build.0 = Debug|Any CPU
		{9FF6C89A-DA18-40DD-BABD-4C92CD726E99}.Release|Any CPU.ActiveCfg = Release|Any CPU
		{9FF6C89A-DA18-40DD-BABD-4C92CD726E99}.Release|Any CPU.Build.0 = Release|Any CPU
		{D8721C25-0638-42A2-9767-8FB1CE1F04D8}.Debug|Any CPU.ActiveCfg = Debug|Any CPU
		{D8721C25-0638-42A2-9767-8FB1CE1F04D8}.Debug|Any CPU.Build.0 = Debug|Any CPU
		{D8721C25-0638-42A2-9767-8FB1CE1F04D8}.Release|Any CPU.ActiveCfg = Release|Any CPU
		{D8721C25-0638-42A2-9767-8FB1CE1F04D8}.Release|Any CPU.Build.0 = Release|Any CPU
	EndGlobalSection
	GlobalSection(SolutionProperties) = preSolution
		HideSolutionNode = FALSE
	EndGlobalSection
	GlobalSection(ExtensibilityGlobals) = postSolution
		SolutionGuid = {CA7F6895-C66A-4FC5-B21E-2320A5CCFD86}
	EndGlobalSection
EndGlobal
